
Microsoft Visual Studio Solution File, Format Version 12.00
# Visual Studio Version 16
VisualStudioVersion = 16.0.30104.148
MinimumVisualStudioVersion = 10.0.40219.1
Project("{FAE04EC0-301F-11D3-BF4B-00C04F79EFBC}") = "Stringmanipulation", "Stringmanipulation\Stringmanipulation.csproj", "{CFB0626C-CBCB-425A-B49E-D619CABD97BC}"
EndProject
Global
	GlobalSection(SolutionConfigurationPlatforms) = preSolution
		Debug|Any CPU = Debug|Any CPU
		Release|Any CPU = Release|Any CPU
	EndGlobalSection
	GlobalSection(ProjectConfigurationPlatforms) = postSolution
		{CFB0626C-CBCB-425A-B49E-D619CABD97BC}.Debug|Any CPU.ActiveCfg = Debug|Any CPU
		{CFB0626C-CBCB-425A-B49E-D619CABD97BC}.Debug|Any CPU.Build.0 = Debug|Any CPU
		{CFB0626C-CBCB-425A-B49E-D619CABD97BC}.Release|Any CPU.ActiveCfg = Release|Any CPU
		{CFB0626C-CBCB-425A-B49E-D619CABD97BC}.Release|Any CPU.Build.0 = Release|Any CPU
	EndGlobalSection
	GlobalSection(SolutionProperties) = preSolution
		HideSolutionNode = FALSE
	EndGlobalSection
	GlobalSection(ExtensibilityGlobals) = postSolution
		SolutionGuid = {2DB4A2E4-D96F-46C3-A80F-D09B8EE93FDD}
	EndGlobalSection
EndGlobal
